
Microsoft Visual Studio Solution File, Format Version 12.00
# Visual Studio 2013
VisualStudioVersion = 12.0.30110.0
MinimumVisualStudioVersion = 10.0.40219.1
Project("{CC5FD16D-436D-48AD-A40C-5A424C6E3E79}") = "SiteMapper.Azure", "SiteMapper.Azure\SiteMapper.Azure.ccproj", "{D6118890-5C4D-4951-9FC1-BD2ACA5C49A3}"
EndProject
Project("{FAE04EC0-301F-11D3-BF4B-00C04F79EFBC}") = "SiteMapper.Web", "SiteMapper.Web\SiteMapper.Web.csproj", "{09AF044A-0D5C-49F2-A464-7B83A355E169}"
EndProject
Project("{FAE04EC0-301F-11D3-BF4B-00C04F79EFBC}") = "SiteMapper.Client", "SiteMapper.Client\SiteMapper.Client.csproj", "{8FF2AD3A-B880-406C-B915-7942D25AB79D}"
EndProject
Project("{FAE04EC0-301F-11D3-BF4B-00C04F79EFBC}") = "SiteMapper.CommonModels", "SiteMapper.CommonModels\SiteMapper.CommonModels.csproj", "{32720C23-A4D5-473A-985C-5C06D67DFA53}"
EndProject
Project("{FAE04EC0-301F-11D3-BF4B-00C04F79EFBC}") = "SiteMapper.ServerHost", "SiteMapper.ServerHost\SiteMapper.ServerHost.csproj", "{A818D415-6AE0-4B75-B728-2AD33B9FE8B2}"
EndProject
Project("{FAE04EC0-301F-11D3-BF4B-00C04F79EFBC}") = "SiteMapper.ServerEngine", "SiteMapper.ServerEngine\SiteMapper.ServerEngine.csproj", "{7EE0A1EB-73D5-4859-AB93-5BF29E7B3152}"
EndProject
Project("{FAE04EC0-301F-11D3-BF4B-00C04F79EFBC}") = "SiteMapper.ServerDAL", "SiteMapper.ServerDAL\SiteMapper.ServerDAL.csproj", "{7367B702-09C4-43DA-AD06-F9702E22F4A1}"
EndProject
Project("{2150E333-8FDC-42A3-9474-1A3956D46DE8}") = "Server", "Server", "{FD7D6B10-1539-40E3-AA13-0E0C38216EC0}"
EndProject
Project("{2150E333-8FDC-42A3-9474-1A3956D46DE8}") = "Client", "Client", "{564A9799-B6FE-438C-BB36-A15DE82CDDA2}"
EndProject
Project("{2150E333-8FDC-42A3-9474-1A3956D46DE8}") = "Common", "Common", "{34F37F90-866B-4097-856C-AC824D466C03}"
EndProject
Project("{2150E333-8FDC-42A3-9474-1A3956D46DE8}") = "Azure", "Azure", "{8E36B51B-6849-493F-94B0-C459FA3D9F0E}"
EndProject
Project("{FAE04EC0-301F-11D3-BF4B-00C04F79EFBC}") = "SiteMapper.DesktopServerHost", "SiteMapper.DesktopServerHost\SiteMapper.DesktopServerHost.csproj", "{6B084E06-587F-48BD-AC09-69D534FD1991}"
EndProject
Project("{FAE04EC0-301F-11D3-BF4B-00C04F79EFBC}") = "SiteMapper.AzureDAL", "SiteMapper.AzureDAL\SiteMapper.AzureDAL.csproj", "{47277F4E-7E68-4ECF-9BFE-17F050F9C438}"
EndProject
Project("{FAE04EC0-301F-11D3-BF4B-00C04F79EFBC}") = "SiteMapper.AzureWorker", "SiteMapper.AzureWorker\SiteMapper.AzureWorker.csproj", "{3B06D2D0-7671-474B-AF7C-32A3432A4FA5}"
EndProject
Project("{FAE04EC0-301F-11D3-BF4B-00C04F79EFBC}") = "SiteMapper.AzureClient", "SiteMapper.AzureClient\SiteMapper.AzureClient.csproj", "{357A95CD-E34E-4D42-879E-C2A99FD58B25}"
EndProject
Global
	GlobalSection(SolutionConfigurationPlatforms) = preSolution
		Debug|Any CPU = Debug|Any CPU
		Release|Any CPU = Release|Any CPU
	EndGlobalSection
	GlobalSection(ProjectConfigurationPlatforms) = postSolution
		{D6118890-5C4D-4951-9FC1-BD2ACA5C49A3}.Debug|Any CPU.ActiveCfg = Debug|Any CPU
		{D6118890-5C4D-4951-9FC1-BD2ACA5C49A3}.Debug|Any CPU.Build.0 = Debug|Any CPU
		{D6118890-5C4D-4951-9FC1-BD2ACA5C49A3}.Release|Any CPU.ActiveCfg = Release|Any CPU
		{D6118890-5C4D-4951-9FC1-BD2ACA5C49A3}.Release|Any CPU.Build.0 = Release|Any CPU
		{09AF044A-0D5C-49F2-A464-7B83A355E169}.Debug|Any CPU.ActiveCfg = Debug|Any CPU
		{09AF044A-0D5C-49F2-A464-7B83A355E169}.Debug|Any CPU.Build.0 = Debug|Any CPU
		{09AF044A-0D5C-49F2-A464-7B83A355E169}.Release|Any CPU.ActiveCfg = Release|Any CPU
		{09AF044A-0D5C-49F2-A464-7B83A355E169}.Release|Any CPU.Build.0 = Release|Any CPU
		{8FF2AD3A-B880-406C-B915-7942D25AB79D}.Debug|Any CPU.ActiveCfg = Debug|Any CPU
		{8FF2AD3A-B880-406C-B915-7942D25AB79D}.Debug|Any CPU.Build.0 = Debug|Any CPU
		{8FF2AD3A-B880-406C-B915-7942D25AB79D}.Release|Any CPU.ActiveCfg = Release|Any CPU
		{8FF2AD3A-B880-406C-B915-7942D25AB79D}.Release|Any CPU.Build.0 = Release|Any CPU
		{32720C23-A4D5-473A-985C-5C06D67DFA53}.Debug|Any CPU.ActiveCfg = Debug|Any CPU
		{32720C23-A4D5-473A-985C-5C06D67DFA53}.Debug|Any CPU.Build.0 = Debug|Any CPU
		{32720C23-A4D5-473A-985C-5C06D67DFA53}.Release|Any CPU.ActiveCfg = Release|Any CPU
		{32720C23-A4D5-473A-985C-5C06D67DFA53}.Release|Any CPU.Build.0 = Release|Any CPU
		{A818D415-6AE0-4B75-B728-2AD33B9FE8B2}.Debug|Any CPU.ActiveCfg = Debug|Any CPU
		{A818D415-6AE0-4B75-B728-2AD33B9FE8B2}.Debug|Any CPU.Build.0 = Debug|Any CPU
		{A818D415-6AE0-4B75-B728-2AD33B9FE8B2}.Release|Any CPU.ActiveCfg = Release|Any CPU
		{A818D415-6AE0-4B75-B728-2AD33B9FE8B2}.Release|Any CPU.Build.0 = Release|Any CPU
		{7EE0A1EB-73D5-4859-AB93-5BF29E7B3152}.Debug|Any CPU.ActiveCfg = Debug|Any CPU
		{7EE0A1EB-73D5-4859-AB93-5BF29E7B3152}.Debug|Any CPU.Build.0 = Debug|Any CPU
		{7EE0A1EB-73D5-4859-AB93-5BF29E7B3152}.Release|Any CPU.ActiveCfg = Release|Any CPU
		{7EE0A1EB-73D5-4859-AB93-5BF29E7B3152}.Release|Any CPU.Build.0 = Release|Any CPU
		{7367B702-09C4-43DA-AD06-F9702E22F4A1}.Debug|Any CPU.ActiveCfg = Debug|Any CPU
		{7367B702-09C4-43DA-AD06-F9702E22F4A1}.Debug|Any CPU.Build.0 = Debug|Any CPU
		{7367B702-09C4-43DA-AD06-F9702E22F4A1}.Release|Any CPU.ActiveCfg = Release|Any CPU
		{7367B702-09C4-43DA-AD06-F9702E22F4A1}.Release|Any CPU.Build.0 = Release|Any CPU
		{6B084E06-587F-48BD-AC09-69D534FD1991}.Debug|Any CPU.ActiveCfg = Debug|Any CPU
		{6B084E06-587F-48BD-AC09-69D534FD1991}.Debug|Any CPU.Build.0 = Debug|Any CPU
		{6B084E06-587F-48BD-AC09-69D534FD1991}.Release|Any CPU.ActiveCfg = Release|Any CPU
		{6B084E06-587F-48BD-AC09-69D534FD1991}.Release|Any CPU.Build.0 = Release|Any CPU
		{47277F4E-7E68-4ECF-9BFE-17F050F9C438}.Debug|Any CPU.ActiveCfg = Debug|Any CPU
		{47277F4E-7E68-4ECF-9BFE-17F050F9C438}.Debug|Any CPU.Build.0 = Debug|Any CPU
		{47277F4E-7E68-4ECF-9BFE-17F050F9C438}.Release|Any CPU.ActiveCfg = Release|Any CPU
		{47277F4E-7E68-4ECF-9BFE-17F050F9C438}.Release|Any CPU.Build.0 = Release|Any CPU
		{3B06D2D0-7671-474B-AF7C-32A3432A4FA5}.Debug|Any CPU.ActiveCfg = Debug|Any CPU
		{3B06D2D0-7671-474B-AF7C-32A3432A4FA5}.Debug|Any CPU.Build.0 = Debug|Any CPU
		{3B06D2D0-7671-474B-AF7C-32A3432A4FA5}.Release|Any CPU.ActiveCfg = Release|Any CPU
		{3B06D2D0-7671-474B-AF7C-32A3432A4FA5}.Release|Any CPU.Build.0 = Release|Any CPU
		{357A95CD-E34E-4D42-879E-C2A99FD58B25}.Debug|Any CPU.ActiveCfg = Debug|Any CPU
		{357A95CD-E34E-4D42-879E-C2A99FD58B25}.Debug|Any CPU.Build.0 = Debug|Any CPU
		{357A95CD-E34E-4D42-879E-C2A99FD58B25}.Release|Any CPU.ActiveCfg = Release|Any CPU
		{357A95CD-E34E-4D42-879E-C2A99FD58B25}.Release|Any CPU.Build.0 = Release|Any CPU
	EndGlobalSection
	GlobalSection(SolutionProperties) = preSolution
		HideSolutionNode = FALSE
	EndGlobalSection
	GlobalSection(NestedProjects) = preSolution
		{D6118890-5C4D-4951-9FC1-BD2ACA5C49A3} = {8E36B51B-6849-493F-94B0-C459FA3D9F0E}
		{47277F4E-7E68-4ECF-9BFE-17F050F9C438} = {8E36B51B-6849-493F-94B0-C459FA3D9F0E}
		{3B06D2D0-7671-474B-AF7C-32A3432A4FA5} = {8E36B51B-6849-493F-94B0-C459FA3D9F0E}
		{357A95CD-E34E-4D42-879E-C2A99FD58B25} = {8E36B51B-6849-493F-94B0-C459FA3D9F0E}
		{8FF2AD3A-B880-406C-B915-7942D25AB79D} = {564A9799-B6FE-438C-BB36-A15DE82CDDA2}
		{09AF044A-0D5C-49F2-A464-7B83A355E169} = {564A9799-B6FE-438C-BB36-A15DE82CDDA2}
		{32720C23-A4D5-473A-985C-5C06D67DFA53} = {34F37F90-866B-4097-856C-AC824D466C03}
		{7EE0A1EB-73D5-4859-AB93-5BF29E7B3152} = {FD7D6B10-1539-40E3-AA13-0E0C38216EC0}
		{7367B702-09C4-43DA-AD06-F9702E22F4A1} = {FD7D6B10-1539-40E3-AA13-0E0C38216EC0}
		{A818D415-6AE0-4B75-B728-2AD33B9FE8B2} = {FD7D6B10-1539-40E3-AA13-0E0C38216EC0}
		{6B084E06-587F-48BD-AC09-69D534FD1991} = {FD7D6B10-1539-40E3-AA13-0E0C38216EC0}
	EndGlobalSection
EndGlobal
